
Microsoft Visual Studio Solution File, Format Version 12.00
# Visual Studio Version 17
VisualStudioVersion = 17.5.002.0
MinimumVisualStudioVersion = 10.0.40219.1
Project("{9A19103F-16F7-4668-BE54-9A1E7A4F7556}") = "RecruitmentApp", "RecruitmentApp.csproj", "{8FCCDFE3-682B-4386-8733-BC058E1E2ACA}"
EndProject
Global
	GlobalSection(SolutionConfigurationPlatforms) = preSolution
		Debug|Any CPU = Debug|Any CPU
		Release|Any CPU = Release|Any CPU
	EndGlobalSection
	GlobalSection(ProjectConfigurationPlatforms) = postSolution
		{8FCCDFE3-682B-4386-8733-BC058E1E2ACA}.Debug|Any CPU.ActiveCfg = Debug|Any CPU
		{8FCCDFE3-682B-4386-8733-BC058E1E2ACA}.Debug|Any CPU.Build.0 = Debug|Any CPU
		{8FCCDFE3-682B-4386-8733-BC058E1E2ACA}.Release|Any CPU.ActiveCfg = Release|Any CPU
		{8FCCDFE3-682B-4386-8733-BC058E1E2ACA}.Release|Any CPU.Build.0 = Release|Any CPU
	EndGlobalSection
	GlobalSection(SolutionProperties) = preSolution
		HideSolutionNode = FALSE
	EndGlobalSection
	GlobalSection(ExtensibilityGlobals) = postSolution
		SolutionGuid = {2178F529-D934-4F2A-8610-A74FF7E68A09}
	EndGlobalSection
EndGlobal
